
Microsoft Visual Studio Solution File, Format Version 12.00
# Visual Studio Version 17
VisualStudioVersion = 17.5.33414.496
MinimumVisualStudioVersion = 10.0.40219.1
Project("{FAE04EC0-301F-11D3-BF4B-00C04F79EFBC}") = "exseption_sinif_hotel", "exseption_sinif_hotel\exseption_sinif_hotel.csproj", "{B322255F-9F86-4FCB-A1E3-89CB2FCEC8E5}"
EndProject
Global
	GlobalSection(SolutionConfigurationPlatforms) = preSolution
		Debug|Any CPU = Debug|Any CPU
		Release|Any CPU = Release|Any CPU
	EndGlobalSection
	GlobalSection(ProjectConfigurationPlatforms) = postSolution
		{B322255F-9F86-4FCB-A1E3-89CB2FCEC8E5}.Debug|Any CPU.ActiveCfg = Debug|Any CPU
		{B322255F-9F86-4FCB-A1E3-89CB2FCEC8E5}.Debug|Any CPU.Build.0 = Debug|Any CPU
		{B322255F-9F86-4FCB-A1E3-89CB2FCEC8E5}.Release|Any CPU.ActiveCfg = Release|Any CPU
		{B322255F-9F86-4FCB-A1E3-89CB2FCEC8E5}.Release|Any CPU.Build.0 = Release|Any CPU
	EndGlobalSection
	GlobalSection(SolutionProperties) = preSolution
		HideSolutionNode = FALSE
	EndGlobalSection
	GlobalSection(ExtensibilityGlobals) = postSolution
		SolutionGuid = {3A0EA76E-77C8-4060-B445-D05978C9D53B}
	EndGlobalSection
EndGlobal
