
Microsoft Visual Studio Solution File, Format Version 12.00
# Visual Studio Version 17
VisualStudioVersion = 17.5.33414.496
MinimumVisualStudioVersion = 10.0.40219.1
Project("{FAE04EC0-301F-11D3-BF4B-00C04F79EFBC}") = "class", "class\class.csproj", "{B2098664-F110-4539-964A-CB2C188417DA}"
EndProject
Global
	GlobalSection(SolutionConfigurationPlatforms) = preSolution
		Debug|Any CPU = Debug|Any CPU
		Release|Any CPU = Release|Any CPU
	EndGlobalSection
	GlobalSection(ProjectConfigurationPlatforms) = postSolution
		{B2098664-F110-4539-964A-CB2C188417DA}.Debug|Any CPU.ActiveCfg = Debug|Any CPU
		{B2098664-F110-4539-964A-CB2C188417DA}.Debug|Any CPU.Build.0 = Debug|Any CPU
		{B2098664-F110-4539-964A-CB2C188417DA}.Release|Any CPU.ActiveCfg = Release|Any CPU
		{B2098664-F110-4539-964A-CB2C188417DA}.Release|Any CPU.Build.0 = Release|Any CPU
	EndGlobalSection
	GlobalSection(SolutionProperties) = preSolution
		HideSolutionNode = FALSE
	EndGlobalSection
	GlobalSection(ExtensibilityGlobals) = postSolution
		SolutionGuid = {35349973-C643-45A4-9C06-88639FA14C57}
	EndGlobalSection
EndGlobal
